
Microsoft Visual Studio Solution File, Format Version 12.00
# Visual Studio Version 17
VisualStudioVersion = 17.8.34330.188
MinimumVisualStudioVersion = 10.0.40219.1
Project("{FAE04EC0-301F-11D3-BF4B-00C04F79EFBC}") = "Project_1_Sort_File", "Project_1_Sort_File\Project_1_Sort_File.csproj", "{5339009C-9E26-4A08-8EA4-D6B1D0E5270A}"
EndProject
Global
	GlobalSection(SolutionConfigurationPlatforms) = preSolution
		Debug|Any CPU = Debug|Any CPU
		Release|Any CPU = Release|Any CPU
	EndGlobalSection
	GlobalSection(ProjectConfigurationPlatforms) = postSolution
		{5339009C-9E26-4A08-8EA4-D6B1D0E5270A}.Debug|Any CPU.ActiveCfg = Debug|Any CPU
		{5339009C-9E26-4A08-8EA4-D6B1D0E5270A}.Debug|Any CPU.Build.0 = Debug|Any CPU
		{5339009C-9E26-4A08-8EA4-D6B1D0E5270A}.Release|Any CPU.ActiveCfg = Release|Any CPU
		{5339009C-9E26-4A08-8EA4-D6B1D0E5270A}.Release|Any CPU.Build.0 = Release|Any CPU
	EndGlobalSection
	GlobalSection(SolutionProperties) = preSolution
		HideSolutionNode = FALSE
	EndGlobalSection
	GlobalSection(ExtensibilityGlobals) = postSolution
		SolutionGuid = {7EEA8498-78B2-446C-8E43-CE6463BE3A5E}
	EndGlobalSection
EndGlobal
